github.com/BurntSushi/toml v1.6.0 h1:dRaEfpa2VI55EwlIW72hMRHdWouJeRF7TPYhI+AUQjk=
github.com/BurntSushi/toml v1.6.0/go.mod h1:ukJfTF/6rtPPRCnwkur4qwRxa8vTRFBF0uk2lLoLwho=
github.com/KimMachineGun/automemlimit v0.7.5 h1:RkbaC0MwhjL1ZuBKunGDjE/ggwAX43DwZrJqVwyveTk=
github.com/KimMachineGun/automemlimit v0.7.5/go.mod h1:QZxpHaGOQoYvFhv/r4u3U0JTC2ZcOwbSr11UZF46UBM=
github.com/ProtonMail/go-crypto v1.4.1 h1:9RfcZHqEQUvP8RzecWEUafnZVtEvrBVL9BiF67IQOfM=
github.com/ProtonMail/go-crypto v1.4.1/go.mod h1:e1OaTyu5SYVrO9gKOEhTc+5UcXtTUa+P3uLudwcgPqo=
github.com/cenkalti/backoff/v5 v5.0.3 h1:ZN+IMa753KfX5hd8vVaMixjnqRZ3y8CuJKRKj1xcsSM=
github.com/cenkalti/backoff/v5 v5.0.3/go.mod h1:rkhZdG3JZukswDf7f0cwqPNk4K0sa+F97BxZthm/crw=
github.com/cespare/xxhash/v2 v2.3.0 h1:UL815xU9SqsFlibzuggzjXhog7bL6oX9BbNZnL2UFvs=
github.com/cespare/xxhash/v2 v2.3.0/go.mod h1:VGX0DQ3Q6kWi7AoAeZDth3/j3BFtOZR5XLFGgcrjCOs=
github.com/cloudflare/circl v1.6.3 h1:9GPOhQGF9MCYUeXyMYlqTR6a5gTrgR/fBLXvUgtVcg8=
github.com/cloudflare/circl v1.6.3/go.mod h1:2eXP6Qfat4O/Yhh8BznvKnJ+uzEoTQ6jVKJRn81BiS4=
github.com/cpuguy83/go-md2man/v2 v2.0.6/go.mod h1:oOW0eioCTA6cOiMLiUPZOpcVxMig6NIQQ7OS05n1F4g=
github.com/dustin/go-humanize v1.0.1 h1:GzkhY7T5VNhEkwH0PVJgjz+fX1rhBrR7pRT3mDkpeCY=
github.com/dustin/go-humanize v1.0.1/go.mod h1:Mu1zIs6XwVuF/gI1OepvI0qD18qycQx+mFykh5fBlto=
github.com/go-logr/logr v1.2.2/go.mod h1:jdQByPbusPIv2/zmleS9BjJVeZ6kBagPoEUsqbVz/1A=
github.com/go-logr/logr v1.4.4 h1:tG4xh9yMsRCAiodLVTxyrkzSZ9+o0L1Kg/+cPVcbP/8=
github.com/go-logr/logr v1.4.4/go.mod h1:9T104GzyrTigFIr8wt5mBrctHMim0Nb2HLGrmQ40KvY=
github.com/go-logr/stdr v1.2.2 h1:hSWxHoqTgW2S2qGc0LTAI563KZ5YKYRhT3MFKZMbjag=
github.com/go-logr/stdr v1.2.2/go.mod h1:mMo/vtBO5dYbehREoey6XUKy/eSumjCCveDpRre4VKE=
github.com/golang-jwt/jwt/v5 v5.3.1 h1:kYf81DTWFe7t+1VvL7eS+jKFVWaUnK9cB1qbwn63YCY=
github.com/golang-jwt/jwt/v5 v5.3.1/go.mod h1:fxCRLWMO43lRc8nhHWY6LGqRcf+1gQWArsqaEUEa5bE=
github.com/golang/protobuf v1.5.4 h1:i7eJL8qZTpSEXOPTxNKhASYpMn+8e5Q6AdndVa1dWek=
github.com/golang/protobuf v1.5.4/go.mod h1:lnTiLA8Wa4RWRcIUkrtSVa5nRhsEGBg48fD6rSs7xps=
github.com/gonum/gonum v0.17.0 h1:lu3FA1UDPUmUYAHOuAxGAVVeYnNKVhdlf+OYdMvdFPQ=
github.com/gonum/gonum v0.17.0/go.mod h1:El3tOrEuMpv2UdMrbNlKEh9vd86bmQ6vqIcDwxEOc1E=
github.com/google/go-cmp v0.7.0 h1:wk8382ETsv4JYUZwIsn6YpYiWiBsYLSJiTsyBybVuN8=
github.com/google/go-cmp v0.7.0/go.mod h1:pXiqmnSA92OHEEa9HXL2W4E7lf9JzCmGVUdgjX3N/iU=
github.com/google/pprof v0.0.0-20250317173921-a4b03ec1a45e h1:ijClszYn+mADRFY17kjQEVQ1XRhq2/JR1M3sGqeJoxs=
github.com/google/pprof v0.0.0-20250317173921-a4b03ec1a45e/go.mod h1:boTsfXsheKC2y+lKOCMpSfarhxDeIzfZG1jqGcPl3cA=
github.com/google/uuid v1.6.0 h1:NIvaJDMOsjHA8n1jAhLSgzrAzy1Hgr+hNrb57e+94F0=
github.com/google/uuid v1.6.0/go.mod h1:TIyPZe4MgqvfeYDBFedMoGGpEw/LqOeaOT+nhxU+yHo=
github.com/grpc-ecosystem/grpc-gateway/v2 v2.30.0 h1:/Tnpcb2E0Pz/tN9s3bfEY2Q8ePCEX9iuS+cneUwncnw=
github.com/grpc-ecosystem/grpc-gateway/v2 v2.30.0/go.mod h1:zOBXOsUaBSjKgmH4OGzV1esUpR3oUSCPYVd2cUBjKYY=
github.com/hashicorp/golang-lru/v2 v2.0.7 h1:a+bsQ5rvGLjzHuww6tVxozPZFVghXaHOwFs4luLUK2k=
github.com/hashicorp/golang-lru/v2 v2.0.7/go.mod h1:QeFd9opnmA6QUJc5vARoKUSoFhyfM2/ZepoAG6RGpeM=
github.com/inconshreveable/mousetrap v1.1.0 h1:wN+x4NVGpMsO7ErUn/mUI3vEoE6Jt13X2s0bqwp9tc8=
github.com/inconshreveable/mousetrap v1.1.0/go.mod h1:vpF70FUmC8bwa3OWnCshd2FqLfsEA9PFc4w1p2J65bw=
github.com/klauspost/compress v1.19.1 h1:VsB4HPswih7mmZ8WleSFQ75c/Ui1M4trX5oAsJnhSlk=
github.com/klauspost/compress v1.19.1/go.mod h1:cwPg85FWrGar70rWktvGQj8/hthj3wpl0PGDogxkrSQ=
github.com/mattn/go-isatty v0.0.22 h1:j8l17JJ9i6VGPUFUYoTUKPSgKe/83EYU2zBC7YNKMw4=
github.com/mattn/go-isatty v0.0.22/go.mod h1:ZXfXG4SQHsB/w3ZeOYbR0PrPwLy+n6xiMrJlRFqopa4=
github.com/ncruces/go-strftime v1.0.0 h1:HMFp8mLCTPp341M/ZnA4qaf7ZlsbTc+miZjCLOFAw7w=
github.com/ncruces/go-strftime v1.0.0/go.mod h1:Fwc5htZGVVkseilnfgOVb9mKy6w1naJmn9CehxcKcls=
github.com/pbnjay/memory v0.0.0-20210728143218-7b4eea64cf58 h1:onHthvaw9LFnH4t2DcNVpwGmV9E1BkGknEliJkfwQj0=
github.com/pbnjay/memory v0.0.0-20210728143218-7b4eea64cf58/go.mod h1:DXv8WO4yhMYhSNPKjeNKa5WY9YCIEBRbNzFFPJbWO6Y=
github.com/pierrec/lz4/v4 v4.1.27 h1:+PhzhWDrjRj89TH2sw43nE3+4+W8lSxIuQadEHZyjUk=
github.com/pierrec/lz4/v4 v4.1.27/go.mod h1:EoQMVJgeeEOMsCqCzqFm2O0cJvljX2nGZjcRIPL34O4=
github.com/remyoudompheng/bigfft v0.0.0-20230129092748-24d4a6f8daec h1:W09IVJc94icq4NjY3clb7Lk8O1qJ8BdBEF8z0ibU0rE=
github.com/remyoudompheng/bigfft v0.0.0-20230129092748-24d4a6f8daec/go.mod h1:qqbHyh8v60DhA7CoWK5oRCqLrMHRGoxYCSS9EjAz6Eo=
github.com/russross/blackfriday/v2 v2.1.0/go.mod h1:+Rmxgy9KzJVeS9/2gXHxylqXiyQDYRxCVz55jmeOWTM=
github.com/spf13/cobra v1.10.2 h1:DMTTonx5m65Ic0GOoRY2c16WCbHxOOw6xxezuLaBpcU=
github.com/spf13/cobra v1.10.2/go.mod h1:7C1pvHqHw5A4vrJfjNwvOdzYu0Gml16OCs2GRiTUUS4=
github.com/spf13/pflag v1.0.9/go.mod h1:McXfInJRrz4CZXVZOBLb0bTZqETkiAhM9Iw0y3An2Bg=
github.com/spf13/pflag v1.0.10 h1:4EBh2KAYBwaONj6b2Ye1GiHfwjqyROoF4RwYO+vPwFk=
github.com/spf13/pflag v1.0.10/go.mod h1:McXfInJRrz4CZXVZOBLb0bTZqETkiAhM9Iw0y3An2Bg=
github.com/stretchr/testify v1.12.1 h1:EuwCh5fleGS7H32xRwO3wRGT7DxrDhLAT6FF8MpWDWE=
github.com/stretchr/testify v1.12.1/go.mod h1:MDEgiDPPsNp5cuIrHPPCyornHKgEVbtFUmoNlxoYthg=
github.com/ulikunitz/xz v0.5.15 h1:9DNdB5s+SgV3bQ2ApL10xRc35ck0DuIX/isZvIk+ubY=
github.com/ulikunitz/xz v0.5.15/go.mod h1:nbz6k7qbPmH4IRqmfOplQw/tblSgqTqBwxkY0oWt/14=
github.com/yaml/go-yaml/v3 v3.0.4/go.mod h1:DhzuOOF2ATzADvBadXxruRBLzYTpT36CKvDb3+aBEFg=
gitlab.com/cznic/cc/v4 v4.28.2 h1:8MFoFUhhT3wYoDjNtIkwvVRLwnn+oEZ0vyGOBCoyaLc=
gitlab.com/cznic/cc/v4 v4.28.2/go.mod h1:OnovgIhbbMXMu1aISnJ0wvVD1KnW+cAUJkIrAWh+kVI=
gitlab.com/cznic/fileutil v1.4.0 h1:HFCZqNRmj8BajA9lu9LSdlzChhcv05254uqguAyRf0I=
gitlab.com/cznic/fileutil v1.4.0/go.mod h1:EqdKFDxiByqxLk8ozOxObDSfcVOv/54xDs/DUHdvCUU=
gitlab.com/cznic/gc/v2 v2.6.5 h1:ON+IujeaWN+GoQjMn19mCMjGIHfNEklqmblVp1xnoq4=
gitlab.com/cznic/gc/v2 v2.6.5/go.mod h1:YgIahr1ypgfe7chRuJi2gD7DBQiKSLMPgBQe9oIiito=
gitlab.com/cznic/goabi0 v0.2.0 h1:ermFkYx/OpdocII3Bvsmt40dHE3FoHC4fLVn5VCxO/8=
gitlab.com/cznic/goabi0 v0.2.0/go.mod h1:CEFRnnJhKvWT1c1JTI3Avm+tgOWbkOu5oPA8eH8LnMI=
gitlab.com/cznic/libc v1.72.5 h1:FKnTcR9KG4Mk0NfXmhY5UUwnd6qXL2elkT5dypvZmQQ=
gitlab.com/cznic/libc v1.72.5/go.mod h1:np0N7KDJ7eUtMZmOqVZNldrZyG+DHLl2B5pg8Hbar3U=
gitlab.com/cznic/mathutil v1.7.1 h1:1HDX3h68EIWyX6EGlDFjSsRvNH5mtX6Qsn3IW8yVLtw=
gitlab.com/cznic/mathutil v1.7.1/go.mod h1:4p5IwJITfppl0G4sUEDtCr4DthTaT47/N3aT6MhfgJg=
gitlab.com/cznic/memory v1.11.0 h1:KH0I6SEDgpOfyQRwbwwxLso1mriLSeHA0kkT4gAJ1fU=
gitlab.com/cznic/memory v1.11.0/go.mod h1:/JP4VbVC+K5sU2wZi9bHoq2MAkCnrt2r98UGeSK7Mjw=
gitlab.com/cznic/opt v0.2.0 h1:qsDB/6+parUFpDip6gnIwbE0jdN0bzywr3kZ03ZMuos=
gitlab.com/cznic/opt v0.2.0/go.mod h1:03fq9lsNfvkYSfxrfUhZCWPk1lm4cq4N+Bh//bEtgns=
gitlab.com/cznic/sortutil v1.2.1 h1:pfL+ZbVJ54WCldD3qLVNLnXcgGjuHTSxsCxR4dAR+g8=
gitlab.com/cznic/sortutil v1.2.1/go.mod h1:7ZI3a3REbai7gzCLcotuw9AC4VZVpYMjDzETGsSMqJE=
gitlab.com/cznic/sqlite v1.50.1 h1:8TJHJ1v1u7q8iUU6tB1NBLPFduv7reltAq7yF6CaoH4=
gitlab.com/cznic/sqlite v1.50.1/go.mod h1:tcNzv5p84E0skkmJn038y+hWJbLQXQqEnQfeh5r2JLM=
gitlab.com/cznic/strutil v1.2.1 h1:EdP8wH7/26ei8YeeU7lta+MFcdcwCCUg6kq3JywFU2Q=
gitlab.com/cznic/strutil v1.2.1/go.mod h1:EHkiggD70koQxjVdSBM3JKM7k6L0FbGE5eymy9i3B9A=
gitlab.com/cznic/token v1.1.0 h1:pBCnRyud+/7vsJsEkzI6MyO3kzQPwn288ICKdIjba5E=
gitlab.com/cznic/token v1.1.0/go.mod h1:UGzOrNV1mAFSEB63lOFHIpNRUVMvYTc6yu1SMY/XTDM=
go.opentelemetry.io/auto/sdk v1.2.1 h1:jXsnJ4Lmnqd11kwkBV2LgLoFMZKizbCi5fNZ/ipaZ64=
go.opentelemetry.io/auto/sdk v1.2.1/go.mod h1:KRTj+aOaElaLi+wW1kO/DZRXwkF4C5xPbEe3ZiIhN7Y=
go.opentelemetry.io/contrib/bridges/otelslog v0.18.0 h1:hhPGP3zvvy1xWT9RTy970wlniSxFttBIsAK1gvMguJM=
go.opentelemetry.io/contrib/bridges/otelslog v0.18.0/go.mod h1:twJF7inoMza6kxMcF8JOdL3mPmtOZu7GEr34CUNE6Dg=
go.opentelemetry.io/otel v1.46.0 h1:FHt5/CDyVxi/8IM1CH7VE/rRgq3kLHa2mSTVMO8AWyc=
go.opentelemetry.io/otel v1.46.0/go.mod h1:Gj3SEScelsNC45tp4nSxRYlS+f5iez7W8XPMCt905kE=
go.opentelemetry.io/otel/exporters/otlp/otlplog/otlploghttp v0.19.0 h1:HIBTQ3VO5aupLKjC90JgMqpezVXwFuq6Ryjn0/izoag=
go.opentelemetry.io/otel/exporters/otlp/otlplog/otlploghttp v0.19.0/go.mod h1:ji9vId85hMxqfvICA0Jt8JqEdrXaAkcpkI9HPXya0ro=
go.opentelemetry.io/otel/exporters/otlp/otlptrace v1.46.0 h1:OFnwLJr+pF3iHrlGSzbxyuo6/6HyBlnlN1CWEJmBVcw=
go.opentelemetry.io/otel/exporters/otlp/otlptrace v1.46.0/go.mod h1:716wFneO0ov19A2beH5hjfh9AK5z/VWNAtDijp1Y0/g=
go.opentelemetry.io/otel/exporters/otlp/otlptrace/otlptracehttp v1.46.0 h1:KrC1YrQeSt46ITMWAbgQx1M1eV1/1TKzttrBzymPmss=
go.opentelemetry.io/otel/exporters/otlp/otlptrace/otlptracehttp v1.46.0/go.mod h1:zDSEzoEqsOrgBeGvH66KRgxh90VonFyJqBHA0Pk3+rM=
go.opentelemetry.io/otel/log v0.19.0 h1:KUZs/GOsw79TBBMfDWsXS+KZ4g2Ckzksd1ymzsIEbo4=
go.opentelemetry.io/otel/log v0.19.0/go.mod h1:5DQYeGmxVIr4n0/BcJvF4upsraHjg6vudJJpnkL6Ipk=
go.opentelemetry.io/otel/metric v1.46.0 h1:yBnkXvgV7AXFILZc5K6IZe/CBFF3OS7BJ8ov6/lj0K8=
go.opentelemetry.io/otel/metric v1.46.0/go.mod h1:iPmdWqifKUdzziPkvvzIJXITl56fQx2mGM/DHLB3/2o=
go.opentelemetry.io/otel/sdk v1.46.0 h1:h5CNQQjEbuQXY/JfZtgt3i7HVFV3aHPO2OAwO2eTYPI=
go.opentelemetry.io/otel/sdk v1.46.0/go.mod h1:GAERFXFt5SYCEB+YiKUbMBeza6UaDH7GmGOZEfh2gSM=
go.opentelemetry.io/otel/sdk/log v0.19.0 h1:scYVLqT22D2gqXItnWiocLUKGH9yvkkeql5dBDiXyko=
go.opentelemetry.io/otel/sdk/log v0.19.0/go.mod h1:vFBowwXGLlW9AvpuF7bMgnNI95LiW10szrOdvzBHlAg=
go.opentelemetry.io/otel/sdk/log/logtest v0.19.0 h1:BEbF7ZBB6qQloV/Ub1+3NQoOUnVtcGkU3XX4Ws3GQfk=
go.opentelemetry.io/otel/sdk/log/logtest v0.19.0/go.mod h1:Lua81/3yM0wOmoHTokLj9y9ADeA02v1naRrVrkAZuKk=
go.opentelemetry.io/otel/sdk/metric v1.46.0 h1:0piZ26EG4RBfebb2jhDH6ERCYHoVWduc3kLgPCwSnSE=
go.opentelemetry.io/otel/sdk/metric v1.46.0/go.mod h1:I1PbKrdVc8Qu8HYVDNtqVIwLwjNrhsV/uFuxfwg8mO4=
go.opentelemetry.io/otel/trace v1.46.0 h1:OULy7ccdJnZtJ0UDYFOIGaCmiWzJ8Vi2G/Rsu60qs1c=
go.opentelemetry.io/otel/trace v1.46.0/go.mod h1:J7GAXweO77XSFkB/rmAqk9D6ihszhFjLU+d9WuUxDLI=
go.opentelemetry.io/proto/otlp v1.11.0 h1:5rrYs0Ykyj50sdU/JU0x8etU+LubXWb+gED6TbEdMIk=
go.opentelemetry.io/proto/otlp v1.11.0/go.mod h1:SmVizdCOAm3XBtG1g1NnOdhW6jtddT72hLMhv8VwA8E=
go.uber.org/goleak v1.3.0 h1:2K3zAYmnTNqV73imy9J1T3WC+gmCePx2hEGkimedGto=
go.uber.org/goleak v1.3.0/go.mod h1:CoHD4mav9JJNrW/WLlf7HGZPjdw8EucARQHekz1X6bE=
go.yaml.in/yaml/v3 v3.0.5 h1:N6y/pJk8buWs9NY5ERU2HSMfm+IuD/OtfdAnq6kESPw=
go.yaml.in/yaml/v3 v3.0.5/go.mod h1:HVTZu1O7/Vkt2N+BFy8Zza+lnLsABggaTM2ZpNIGuKg=
golang.org/x/crypto v0.55.0 h1:+KWHjbgOaAQ66dh/YlkZKHlz9ZUlq61AFirAR9ntP8M=
golang.org/x/crypto v0.55.0/go.mod h1:uq0V9dE/fzQuJtbnL+2EhWOE63vo164FY8xqEnV9xis=
golang.org/x/mod v0.40.0 h1:hUv+3cXcdRHz08UmSiOob7sadHig73uo5bkXxQ/tvUs=
golang.org/x/mod v0.40.0/go.mod h1:0/weTWkPWGBikyTWAX3dkjVztMmBA5hM0DH6BElSupE=
golang.org/x/net v0.58.0 h1:ynWG7rqYi4ccpTEuPZ2QGWHktVEM9DMCj9yzDE0Q7To=
golang.org/x/net v0.58.0/go.mod h1:YwCddHnFlT7eLQqVprV19OnhLGtc5xOKgE0RyqgfWAU=
golang.org/x/sync v0.22.0 h1:SZjpbeLmrCk4xhRSZFNZW5gFUeCeFgjekvI/+gfScek=
golang.org/x/sync v0.22.0/go.mod h1:9xrNwdLfx4jkKbNva9FpL6vEN7evnE43NNNJQ2LF3+0=
golang.org/x/sys v0.47.0 h1:o7XGOvZQCADBQQ4Y7VNq2dRWQR7JmOUW8Kxx4ZsNgWs=
golang.org/x/sys v0.47.0/go.mod h1:4GL1E5IUh+htKOUEOaiffhrAeqysfVGipDYzABqnCmw=
golang.org/x/text v0.41.0 h1:vz/seA0lnX87Othu2f/0L24RcgrXD9/YFTSuGjj3rH8=
golang.org/x/text v0.41.0/go.mod h1:jvf1O8ajNzZqhSrQBPbutR/EB83Cc0CFrezNQIwbb5M=
golang.org/x/tools v0.49.0 h1:3NI7VXzL9+1WZD52Dx2ttoPwD5DWrFGpl9mFZDlmisI=
golang.org/x/tools v0.49.0/go.mod h1:SJNXV9DBKT0UbdttsQjbfJlAE/q+y36++zo3uL3N0Oo=
google.golang.org/genproto/googleapis/api v0.0.0-20260819154853-08b0e4226688 h1:ax2KzoSRIZU/M0cIxri3pKxy99vniH1PVxWC6si/eZI=
google.golang.org/genproto/googleapis/api v0.0.0-20260819154853-08b0e4226688/go.mod h1:1RJ9BQGyNdZwkGc1eTqkErfRZ6RJyYPHZo73BZ1vQqI=
google.golang.org/genproto/googleapis/rpc v0.0.0-20260819154853-08b0e4226688 h1:cYNAzI2sUwhmCcoj9TxvihSrqsxt6uIkj3rDRhSDmW4=
google.golang.org/genproto/googleapis/rpc v0.0.0-20260819154853-08b0e4226688/go.mod h1:DjtHYE8FKJLivXcBEjGwndXfIC23G0VpXiXKqG179uA=
google.golang.org/grpc v1.83.2 h1:EManeRomTObA0BU7I8vXgg/78uE5MJ9M8B39EX2WscU=
google.golang.org/grpc v1.83.2/go.mod h1:YPI1hK3kDked6iHvgX3tR0y+nX/qpMFKhPgFsokw1S8=
google.golang.org/protobuf v1.36.12 h1:pJOKDDOyeXErUroCihFAd5LQuwXBSpVnKGrj5o/fwxc=
google.golang.org/protobuf v1.36.12/go.mod h1:HTf+CrKn2C3g5S8VImy6tdcUvCska2kB7j23XfzDpco=
gopkg.in/check.v1 v0.0.0-20161208181325-20d25e280405/go.mod h1:Co6ibVJAznAaIkqp8huTwlJQCZ016jof/cbN4VW5Yz0=
modernc.org/ccgo/v4 v4.34.2 h1:mxsy2FdrB6+qG3NfXefz1AmWv0ehOSDO4jxgxd7h9yo=
modernc.org/ccgo/v4 v4.34.2/go.mod h1:1L7us56+kAKu04p25EATpmBBvhbcqqZ85ibqWVwVgog=
modernc.org/gc/v3 v3.1.3 h1:6QAplYyVO+KdPW3pGnqmJDUxtkec8ooEWvks/hhU3lc=
modernc.org/gc/v3 v3.1.3/go.mod h1:HFK/6AGESC7Ex+EZJhJ2Gni6cTaYpSMmU/cT9RmlfYY=
